{
    "_readme": [
        "This file locks the dependencies of your project to a known state",
        "Read more about it at https://getcomposer.org/doc/01-basic-usage.md#installing-dependencies",
        "This file is @generated automatically"
    ],
    "content-hash": "ec2c2061bfb90ef3e64792e2f38ed74d",
    "packages": [
        {
            "name": "jmikola/geojson",
            "version": "1.2.0",
            "source": {
                "type": "git",
                "url": "https://github.com/jmikola/geojson.git",
                "reference": "e28f3855bb61a91aab32b74c176d76dd0b5658d7"
            },
            "dist": {
                "type": "zip",
                "url": "https://api.github.com/repos/jmikola/geojson/zipball/e28f3855bb61a91aab32b74c176d76dd0b5658d7",
                "reference": "e28f3855bb61a91aab32b74c176d76dd0b5658d7",
                "shasum": ""
            },
            "require": {
                "ext-json": "*",
                "php": "^7.4 || ^8.0",
                "symfony/polyfill-php80": "^1.25"
            },
            "require-dev": {
                "phpunit/phpunit": "^9.5",
                "scrutinizer/ocular": "^1.8.1",
                "slevomat/coding-standard": "^8.0",
                "squizlabs/php_codesniffer": "^3.6"
            },
            "type": "library",
            "extra": {
                "branch-alias": {
                    "dev-master": "1.1-dev"
                }
            },
            "autoload": {
                "psr-4": {
                    "GeoJson\\": "src"
                }
            },
            "notification-url": "https://packagist.org/downloads/",
            "license": [
                "MIT"
            ],
            "authors": [
                {
                    "name": "Jeremy Mikola",
                    "email": "jmikola@gmail.com"
                }
            ],
            "description": "GeoJSON implementation for PHP",
            "homepage": "https://github.com/jmikola/geojson",
            "keywords": [
                "geo",
                "geojson",
                "geospatial"
            ],
            "support": {
                "issues": "https://github.com/jmikola/geojson/issues",
                "source": "https://github.com/jmikola/geojson/tree/1.2.0"
            },
            "time": "2023-12-04T17:19:43+00:00"
        },
        {
            "name": "mjaschen/phpgeo",
            "version": "4.2.1",
            "source": {
                "type": "git",
                "url": "https://github.com/mjaschen/phpgeo.git",
                "reference": "5e16834f9433c7780cda7e16aa279814f98ca697"
            },
            "dist": {
                "type": "zip",
                "url": "https://api.github.com/repos/mjaschen/phpgeo/zipball/5e16834f9433c7780cda7e16aa279814f98ca697",
                "reference": "5e16834f9433c7780cda7e16aa279814f98ca697",
                "shasum": ""
            },
            "require": {
                "php": "^7.3 || ^8.0"
            },
            "require-dev": {
                "phpunit/phpunit": "^9.5",
                "squizlabs/php_codesniffer": "^3.6",
                "vimeo/psalm": "^4.13"
            },
            "type": "library",
            "autoload": {
                "psr-4": {
                    "Location\\": "src/"
                }
            },
            "notification-url": "https://packagist.org/downloads/",
            "license": [
                "MIT"
            ],
            "authors": [
                {
                    "name": "Marcus Jaschen",
                    "email": "mjaschen@gmail.com",
                    "homepage": "https://www.marcusjaschen.de/"
                }
            ],
            "description": "Simple Yet Powerful Geo Library",
            "homepage": "https://phpgeo.marcusjaschen.de/",
            "keywords": [
                "Polygon",
                "area",
                "bearing",
                "bounds",
                "calculation",
                "coordinate",
                "distance",
                "earth",
                "ellipsoid",
                "geo",
                "geofence",
                "gis",
                "gps",
                "haversine",
                "length",
                "perpendicular",
                "point",
                "polyline",
                "projection",
                "simplify",
                "track",
                "vincenty"
            ],
            "support": {
                "docs": "https://phpgeo.marcusjaschen.de/Installation.html",
                "email": "mjaschen@gmail.com",
                "issues": "https://github.com/mjaschen/phpgeo/issues",
                "source": "https://github.com/mjaschen/phpgeo/tree/4.2.1"
            },
            "funding": [
                {
                    "url": "https://www.paypal.com/paypalme/mjaschen",
                    "type": "custom"
                },
                {
                    "url": "https://github.com/mjaschen",
                    "type": "github"
                }
            ],
            "time": "2023-12-03T08:01:10+00:00"
        },
        {
            "name": "symfony/polyfill-php80",
            "version": "v1.30.0",
            "source": {
                "type": "git",
                "url": "https://github.com/symfony/polyfill-php80.git",
                "reference": "77fa7995ac1b21ab60769b7323d600a991a90433"
            },
            "dist": {
                "type": "zip",
                "url": "https://api.github.com/repos/symfony/polyfill-php80/zipball/77fa7995ac1b21ab60769b7323d600a991a90433",
                "reference": "77fa7995ac1b21ab60769b7323d600a991a90433",
                "shasum": ""
            },
            "require": {
                "php": ">=7.1"
            },
            "type": "library",
            "extra": {
                "thanks": {
                    "name": "symfony/polyfill",
                    "url": "https://github.com/symfony/polyfill"
                }
            },
            "autoload": {
                "files": [
                    "bootstrap.php"
                ],
                "psr-4": {
                    "Symfony\\Polyfill\\Php80\\": ""
                },
                "classmap": [
                    "Resources/stubs"
                ]
            },
            "notification-url": "https://packagist.org/downloads/",
            "license": [
                "MIT"
            ],
            "authors": [
                {
                    "name": "Ion Bazan",
                    "email": "ion.bazan@gmail.com"
                },
                {
                    "name": "Nicolas Grekas",
                    "email": "p@tchwork.com"
                },
                {
                    "name": "Symfony Community",
                    "homepage": "https://symfony.com/contributors"
                }
            ],
            "description": "Symfony polyfill backporting some PHP 8.0+ features to lower PHP versions",
            "homepage": "https://symfony.com",
            "keywords": [
                "compatibility",
                "polyfill",
                "portable",
                "shim"
            ],
            "support": {
                "source": "https://github.com/symfony/polyfill-php80/tree/v1.30.0"
            },
            "funding": [
                {
                    "url": "https://symfony.com/sponsor",
                    "type": "custom"
                },
                {
                    "url": "https://github.com/fabpot",
                    "type": "github"
                },
                {
                    "url": "https://tidelift.com/funding/github/packagist/symfony/symfony",
                    "type": "tidelift"
                }
            ],
            "time": "2024-05-31T15:07:36+00:00"
        }
    ],
    "packages-dev": [],
    "aliases": [],
    "minimum-stability": "stable",
    "stability-flags": [],
    "prefer-stable": false,
    "prefer-lowest": false,
    "platform": {
        "ext-pdo": "*"
    },
    "platform-dev": [],
    "plugin-api-version": "2.3.0"
}
